
Microsoft Visual Studio Solution File, Format Version 12.00
# Visual Studio 15
VisualStudioVersion = 15.0.27130.2010
MinimumVisualStudioVersion = 10.0.40219.1
Project("{FAE04EC0-301F-11D3-BF4B-00C04F79EFBC}") = "AirportLogicService", "AirportLogicService\AirportLogicService.csproj", "{BFE01999-82C6-4CD8-B469-8F2253C0E32D}"
EndProject
Project("{FAE04EC0-301F-11D3-BF4B-00C04F79EFBC}") = "Models", "Models\Models.csproj", "{79D678B8-543B-4C67-A1ED-DA5BC7AAC116}"
EndProject
Global
	GlobalSection(SolutionConfigurationPlatforms) = preSolution
		Debug|Any CPU = Debug|Any CPU
		Release|Any CPU = Release|Any CPU
	EndGlobalSection
	GlobalSection(ProjectConfigurationPlatforms) = postSolution
		{BFE01999-82C6-4CD8-B469-8F2253C0E32D}.Debug|Any CPU.ActiveCfg = Debug|Any CPU
		{BFE01999-82C6-4CD8-B469-8F2253C0E32D}.Debug|Any CPU.Build.0 = Debug|Any CPU
		{BFE01999-82C6-4CD8-B469-8F2253C0E32D}.Release|Any CPU.ActiveCfg = Release|Any CPU
		{BFE01999-82C6-4CD8-B469-8F2253C0E32D}.Release|Any CPU.Build.0 = Release|Any CPU
		{79D678B8-543B-4C67-A1ED-DA5BC7AAC116}.Debug|Any CPU.ActiveCfg = Debug|Any CPU
		{79D678B8-543B-4C67-A1ED-DA5BC7AAC116}.Debug|Any CPU.Build.0 = Debug|Any CPU
		{79D678B8-543B-4C67-A1ED-DA5BC7AAC116}.Release|Any CPU.ActiveCfg = Release|Any CPU
		{79D678B8-543B-4C67-A1ED-DA5BC7AAC116}.Release|Any CPU.Build.0 = Release|Any CPU
	EndGlobalSection
	GlobalSection(SolutionProperties) = preSolution
		HideSolutionNode = FALSE
	EndGlobalSection
	GlobalSection(ExtensibilityGlobals) = postSolution
		SolutionGuid = {FFFDC39D-C11D-472A-AF6F-021B5071737F}
	EndGlobalSection
EndGlobal
